{
  "requires": true,
  "lockfileVersion": 1,
  "dependencies": {
    "lodash-es": {
      "version": "4.17.14",
      "resolved": "https://registry.npmjs.org/lodash-es/-/lodash-es-4.17.14.tgz",
      "integrity": "sha512-7zchRrGa8UZXjD/4ivUWP1867jDkhzTG2c/uj739utSd7O/pFFdxspCemIFKEEjErbcqRzn8nKnGsi7mvTgRPA=="
    }
  }
}
